// !$*UTF8*$!
{
	archiveVersion = 1;
	classes = {
	};
	objectVersion = 77;
	objects = {

/* Begin PBXContainerItemProxy section */
		4D8B70BA2F95D25F00C09952 /* PBXContainerItemProxy */ = {
			isa = PBXContainerItemProxy;
			containerPortal = 4D8B70A42F95D25D00C09952 /* Project object */;
			proxyType = 1;
			remoteGlobalIDString = 4D8B70AB2F95D25D00C09952;
			remoteInfo = Iris;
		};
		4D8B70C42F95D25F00C09952 /* PBXContainerItemProxy */ = {
			isa = PBXContainerItemProxy;
			containerPortal = 4D8B70A42F95D25D00C09952 /* Project object */;
			proxyType = 1;
			remoteGlobalIDString = 4D8B70AB2F95D25D00C09952;
			remoteInfo = Iris;
		};
/* End PBXContainerItemProxy section */

/* Begin PBXFileReference section */
		4D8B70AC2F95D25D00C09952 /* Iris.app */ = {isa = PBXFileReference; explicitFileType = wrapper.application; includeInIndex = 0; path = Iris.app; sourceTree = BUILT_PRODUCTS_DIR; };
		4D8B70B92F95D25F00C09952 /* IrisTests.xctest */ = {isa = PBXFileReference; explicitFileType = wrapper.cfbundle; includeInIndex = 0; path = IrisTests.xctest; sourceTree = BUILT_PRODUCTS_DIR; };
		4D8B70C32F95D25F00C09952 /* IrisUITests.xctest */ = {isa = PBXFileReference; explicitFileType = wrapper.cfbundle; includeInIndex = 0; path = IrisUITests.xctest; sourceTree = BUILT_PRODUCTS_DIR; };
/* End PBXFileReference section */

/* Begin PBXFileSystemSynchronizedRootGroup section */
		4D8B70AE2F95D25D00C09952 /* Iris */ = {
			isa = PBXFileSystemSynchronizedRootGroup;
			path = Iris;
			sourceTree = "<group>";
		};
		4D8B70BC2F95D25F00C09952 /* IrisTests */ = {
			isa = PBXFileSystemSynchronizedRootGroup;
			path = IrisTests;
			sourceTree = "<group>";
		};
		4D8B70C62F95D25F00C09952 /* IrisUITests */ = {
			isa = PBXFileSystemSynchronizedRootGroup;
			path = IrisUITests;
			sourceTree = "<group>";
		};
/* End PBXFileSystemSynchronizedRootGroup section */

/* Begin PBXFrameworksBuildPhase section */
		4D8B70A92F95D25D00C09952 /* Frameworks */ = {
			isa = PBXFrameworksBuildPhase;
			buildActionMask = 2147483647;
			files = (
			);
			runOnlyForDeploymentPostprocessing = 0;
		};
		4D8B70B62F95D25F00C09952 /* Frameworks */ = {
			isa = PBXFrameworksBuildPhase;
			buildActionMask = 2147483647;
			files = (
			);
			runOnlyForDeploymentPostprocessing = 0;
		};
		4D8B70C02F95D25F00C09952 /* Frameworks */ = {
			isa = PBXFrameworksBuildPhase;
			buildActionMask = 2147483647;
			files = (
			);
			runOnlyForDeploymentPostprocessing = 0;
		};
/* End PBXFrameworksBuildPhase section */

/* Begin PBXGroup section */
		4D8B70A32F95D25D00C09952 = {
			isa = PBXGroup;
			children = (
				4D8B70AE2F95D25D00C09952 /* Iris */,
				4D8B70BC2F95D25F00C09952 /* IrisTests */,
				4D8B70C62F95D25F00C09952 /* IrisUITests */,
				4D8B70AD2F95D25D00C09952 /* Products */,
			);
			sourceTree = "<group>";
		};
		4D8B70AD2F95D25D00C09952 /* Products */ = {
			isa = PBXGroup;
			children = (
				4D8B70AC2F95D25D00C09952 /* Iris.app */,
				4D8B70B92F95D25F00C09952 /* IrisTests.xctest */,
				4D8B70C32F95D25F00C09952 /* IrisUITests.xctest */,
			);
			name = Products;
			sourceTree = "<group>";
		};
/* End PBXGroup section */

/* Begin PBXNativeTarget section */
		4D8B70AB2F95D25D00C09952 /* Iris */ = {
			isa = PBXNativeTarget;
			buildConfigurationList = 4D8B70CD2F95D25F00C09952 /* Build configuration list for PBXNativeTarget "Iris" */;
			buildPhases = (
				4D8B70A82F95D25D00C09952 /* Sources */,
				4D8B70A92F95D25D00C09952 /* Frameworks */,
				4D8B70AA2F95D25D00C09952 /* Resources */,
			);
			buildRules = (
			);
			dependencies = (
			);
			fileSystemSynchronizedGroups = (
				4D8B70AE2F95D25D00C09952 /* Iris */,
			);
			name = Iris;
			packageProductDependencies = (
			);
			productName = Iris;
			productReference = 4D8B70AC2F95D25D00C09952 /* Iris.app */;
			productType = "com.apple.product-type.application";
		};
		4D8B70B82F95D25F00C09952 /* IrisTests */ = {
			isa = PBXNativeTarget;
			buildConfigurationList = 4D8B70D02F95D25F00C09952 /* Build configuration list for PBXNativeTarget "IrisTests" */;
			buildPhases = (
				4D8B70B52F95D25F00C09952 /* Sources */,
				4D8B70B62F95D25F00C09952 /* Frameworks */,
				4D8B70B72F95D25F00C09952 /* Resources */,
			);
			buildRules = (
			);
			dependencies = (
				4D8B70BB2F95D25F00C09952 /* PBXTargetDependency */,
			);
			fileSystemSynchronizedGroups = (
				4D8B70BC2F95D25F00C09952 /* IrisTests */,
			);
			name = IrisTests;
			packageProductDependencies = (
			);
			productName = IrisTests;
			productReference = 4D8B70B92F95D25F00C09952 /* IrisTests.xctest */;
			productType = "com.apple.product-type.bundle.unit-test";
		};
		4D8B70C22F95D25F00C09952 /* IrisUITests */ = {
			isa = PBXNativeTarget;
			buildConfigurationList = 4D8B70D32F95D25F00C09952 /* Build configuration list for PBXNativeTarget "IrisUITests" */;
			buildPhases = (
				4D8B70BF2F95D25F00C09952 /* Sources */,
				4D8B70C02F95D25F00C09952 /* Frameworks */,
				4D8B70C12F95D25F00C09952 /* Resources */,
			);
			buildRules = (
			);
			dependencies = (
				4D8B70C52F95D25F00C09952 /* PBXTargetDependency */,
			);
			fileSystemSynchronizedGroups = (
				4D8B70C62F95D25F00C09952 /* IrisUITests */,
			);
			name = IrisUITests;
			packageProductDependencies = (
			);
			productName = IrisUITests;
			productReference = 4D8B70C32F95D25F00C09952 /* IrisUITests.xctest */;
			productType = "com.apple.product-type.bundle.ui-testing";
		};
/* End PBXNativeTarget section */

/* Begin PBXProject section */
		4D8B70A42F95D25D00C09952 /* Project object */ = {
			isa = PBXProject;
			attributes = {
				BuildIndependentTargetsInParallel = 1;
				LastSwiftUpdateCheck = 2630;
				LastUpgradeCheck = 2630;
				TargetAttributes = {
					4D8B70AB2F95D25D00C09952 = {
						CreatedOnToolsVersion = 26.3;
					};
					4D8B70B82F95D25F00C09952 = {
						CreatedOnToolsVersion = 26.3;
						TestTargetID = 4D8B70AB2F95D25D00C09952;
					};
					4D8B70C22F95D25F00C09952 = {
						CreatedOnToolsVersion = 26.3;
						TestTargetID = 4D8B70AB2F95D25D00C09952;
					};
				};
			};
			buildConfigurationList = 4D8B70A72F95D25D00C09952 /* Build configuration list for PBXProject "Iris" */;
			developmentRegion = en;
			hasScannedForEncodings = 0;
			knownRegions = (
				en,
				Base,
			);
			mainGroup = 4D8B70A32F95D25D00C09952;
			minimizedProjectReferenceProxies = 1;
			preferredProjectObjectVersion = 77;
			productRefGroup = 4D8B70AD2F95D25D00C09952 /* Products */;
			projectDirPath = "";
			projectRoot = "";
			targets = (
				4D8B70AB2F95D25D00C09952 /* Iris */,
				4D8B70B82F95D25F00C09952 /* IrisTests */,
				4D8B70C22F95D25F00C09952 /* IrisUITests */,
			);
		};
/* End PBXProject section */

/* Begin PBXResourcesBuildPhase section */
		4D8B70AA2F95D25D00C09952 /* Resources */ = {
			isa = PBXResourcesBuildPhase;
			buildActionMask = 2147483647;
			files = (
			);
			runOnlyForDeploymentPostprocessing = 0;
		};
		4D8B70B72F95D25F00C09952 /* Resources */ = {
			isa = PBXResourcesBuildPhase;
			buildActionMask = 2147483647;
			files = (
			);
			runOnlyForDeploymentPostprocessing = 0;
		};
		4D8B70C12F95D25F00C09952 /* Resources */ = {
			isa = PBXResourcesBuildPhase;
			buildActionMask = 2147483647;
			files = (
			);
			runOnlyForDeploymentPostprocessing = 0;
		};
/* End PBXResourcesBuildPhase section */

/* Begin PBXSourcesBuildPhase section */
		4D8B70A82F95D25D00C09952 /* Sources */ = {
			isa = PBXSourcesBuildPhase;
			buildActionMask = 2147483647;
			files = (
			);
			runOnlyForDeploymentPostprocessing = 0;
		};
		4D8B70B52F95D25F00C09952 /* Sources */ = {
			isa = PBXSourcesBuildPhase;
			buildActionMask = 2147483647;
			files = (
			);
			runOnlyForDeploymentPostprocessing = 0;
		};
		4D8B70BF2F95D25F00C09952 /* Sources */ = {
			isa = PBXSourcesBuildPhase;
			buildActionMask = 2147483647;
			files = (
			);
			runOnlyForDeploymentPostprocessing = 0;
		};
/* End PBXSourcesBuildPhase section */

/* Begin PBXTargetDependency section */
		4D8B70BB2F95D25F00C09952 /* PBXTargetDependency */ = {
			isa = PBXTargetDependency;
			target = 4D8B70AB2F95D25D00C09952 /* Iris */;
			targetProxy = 4D8B70BA2F95D25F00C09952 /* PBXContainerItemProxy */;
		};
		4D8B70C52F95D25F00C09952 /* PBXTargetDependency */ = {
			isa = PBXTargetDependency;
			target = 4D8B70AB2F95D25D00C09952 /* Iris */;
			targetProxy = 4D8B70C42F95D25F00C09952 /* PBXContainerItemProxy */;
		};
/* End PBXTargetDependency section */

/* Begin XCBuildConfiguration section */
		4D8B70CB2F95D25F00C09952 /* Debug */ = {
			isa = XCBuildConfiguration;
			buildSettings = {
				ALWAYS_SEARCH_USER_PATHS = NO;
				ASSETCATALOG_COMPILER_GENERATE_SWIFT_ASSET_SYMBOL_EXTENSIONS = YES;
				CLANG_ANALYZER_NONNULL = YES;
				CLANG_ANALYZER_NUMBER_OBJECT_CONVERSION = YES_AGGRESSIVE;
				CLANG_CXX_LANGUAGE_STANDARD = "gnu++20";
				CLANG_ENABLE_MODULES = YES;
				CLANG_ENABLE_OBJC_ARC = YES;
				CLANG_ENABLE_OBJC_WEAK = YES;
				CLANG_WARN_BLOCK_CAPTURE_AUTORELEASING = YES;
				CLANG_WARN_BOOL_CONVERSION = YES;
				CLANG_WARN_COMMA = YES;
				CLANG_WARN_CONSTANT_CONVERSION = YES;
				CLANG_WARN_DEPRECATED_OBJC_IMPLEMENTATIONS = YES;
				CLANG_WARN_DIRECT_OBJC_ISA_USAGE = YES_ERROR;
				CLANG_WARN_DOCUMENTATION_COMMENTS = YES;
				CLANG_WARN_EMPTY_BODY = YES;
				CLANG_WARN_ENUM_CONVERSION = YES;
				CLANG_WARN_INFINITE_RECURSION = YES;
				CLANG_WARN_INT_CONVERSION = YES;
				CLANG_WARN_NON_LITERAL_NULL_CONVERSION = YES;
				CLANG_WARN_OBJC_IMPLICIT_RETAIN_SELF = YES;
				CLANG_WARN_OBJC_LITERAL_CONVERSION = YES;
				CLANG_WARN_OBJC_ROOT_CLASS = YES_ERROR;
				CLANG_WARN_QUOTED_INCLUDE_IN_FRAMEWORK_HEADER = YES;
				CLANG_WARN_RANGE_LOOP_ANALYSIS = YES;
				CLANG_WARN_STRICT_PROTOTYPES = YES;
				CLANG_WARN_SUSPICIOUS_MOVE = YES;
				CLANG_WARN_UNGUARDED_AVAILABILITY = YES_AGGRESSIVE;
				CLANG_WARN_UNREACHABLE_CODE = YES;
				CLANG_WARN__DUPLICATE_METHOD_MATCH = YES;
				COPY_PHASE_STRIP = NO;
				DEBUG_INFORMATION_FORMAT = dwarf;
				DEVELOPMENT_TEAM = 2SX9WGZ5F8;
				ENABLE_STRICT_OBJC_MSGSEND = YES;
				ENABLE_TESTABILITY = YES;
				ENABLE_USER_SCRIPT_SANDBOXING = YES;
				GCC_C_LANGUAGE_STANDARD = gnu17;
				GCC_DYNAMIC_NO_PIC = NO;
				GCC_NO_COMMON_BLOCKS = YES;
				GCC_OPTIMIZATION_LEVEL = 0;
				GCC_PREPROCESSOR_DEFINITIONS = (
					"DEBUG=1",
					"$(inherited)",
				);
				GCC_WARN_64_TO_32_BIT_CONVERSION = YES;
				GCC_WARN_ABOUT_RETURN_TYPE = YES_ERROR;
				GCC_WARN_UNDECLARED_SELECTOR = YES;
				GCC_WARN_UNINITIALIZED_AUTOS = YES_AGGRESSIVE;
				GCC_WARN_UNUSED_FUNCTION = YES;
				GCC_WARN_UNUSED_VARIABLE = YES;
				LOCALIZATION_PREFERS_STRING_CATALOGS = YES;
				MACOSX_DEPLOYMENT_TARGET = 26.1;
				MTL_ENABLE_DEBUG_INFO = INCLUDE_SOURCE;
				MTL_FAST_MATH = YES;
				ONLY_ACTIVE_ARCH = YES;
				SDKROOT = macosx;
				SWIFT_ACTIVE_COMPILATION_CONDITIONS = "DEBUG $(inherited)";
				SWIFT_OPTIMIZATION_LEVEL = "-Onone";
			};
			name = Debug;
		};
		4D8B70CC2F95D25F00C09952 /* Release */ = {
			isa = XCBuildConfiguration;
			buildSettings = {
				ALWAYS_SEARCH_USER_PATHS = NO;
				ASSETCATALOG_COMPILER_GENERATE_SWIFT_ASSET_SYMBOL_EXTENSIONS = YES;
				CLANG_ANALYZER_NONNULL = YES;
				CLANG_ANALYZER_NUMBER_OBJECT_CONVERSION = YES_AGGRESSIVE;
				CLANG_CXX_LANGUAGE_STANDARD = "gnu++20";
				CLANG_ENABLE_MODULES = YES;
				CLANG_ENABLE_OBJC_ARC = YES;
				CLANG_ENABLE_OBJC_WEAK = YES;
				CLANG_WARN_BLOCK_CAPTURE_AUTORELEASING = YES;
				CLANG_WARN_BOOL_CONVERSION = YES;
				CLANG_WARN_COMMA = YES;
				CLANG_WARN_CONSTANT_CONVERSION = YES;
				CLANG_WARN_DEPRECATED_OBJC_IMPLEMENTATIONS = YES;
				CLANG_WARN_DIRECT_OBJC_ISA_USAGE = YES_ERROR;
				CLANG_WARN_DOCUMENTATION_COMMENTS = YES;
				CLANG_WARN_EMPTY_BODY = YES;
				CLANG_WARN_ENUM_CONVERSION = YES;
				CLANG_WARN_INFINITE_RECURSION = YES;
				CLANG_WARN_INT_CONVERSION = YES;
				CLANG_WARN_NON_LITERAL_NULL_CONVERSION = YES;
				CLANG_WARN_OBJC_IMPLICIT_RETAIN_SELF = YES;
				CLANG_WARN_OBJC_LITERAL_CONVERSION = YES;
				CLANG_WARN_OBJC_ROOT_CLASS = YES_ERROR;
				CLANG_WARN_QUOTED_INCLUDE_IN_FRAMEWORK_HEADER = YES;
				CLANG_WARN_RANGE_LOOP_ANALYSIS = YES;
				CLANG_WARN_STRICT_PROTOTYPES = YES;
				CLANG_WARN_SUSPICIOUS_MOVE = YES;
				CLANG_WARN_UNGUARDED_AVAILABILITY = YES_AGGRESSIVE;
				CLANG_WARN_UNREACHABLE_CODE = YES;
				CLANG_WARN__DUPLICATE_METHOD_MATCH = YES;
				COPY_PHASE_STRIP = NO;
				DEBUG_INFORMATION_FORMAT = "dwarf-with-dsym";
				DEVELOPMENT_TEAM = 2SX9WGZ5F8;
				ENABLE_NS_ASSERTIONS = NO;
				ENABLE_STRICT_OBJC_MSGSEND = YES;
				ENABLE_USER_SCRIPT_SANDBOXING = YES;
				GCC_C_LANGUAGE_STANDARD = gnu17;
				GCC_NO_COMMON_BLOCKS = YES;
				GCC_WARN_64_TO_32_BIT_CONVERSION = YES;
				GCC_WARN_ABOUT_RETURN_TYPE = YES_ERROR;
				GCC_WARN_UNDECLARED_SELECTOR = YES;
				GCC_WARN_UNINITIALIZED_AUTOS = YES_AGGRESSIVE;
				GCC_WARN_UNUSED_FUNCTION = YES;
				GCC_WARN_UNUSED_VARIABLE = YES;
				LOCALIZATION_PREFERS_STRING_CATALOGS = YES;
				MACOSX_DEPLOYMENT_TARGET = 26.1;
				MTL_ENABLE_DEBUG_INFO = NO;
				MTL_FAST_MATH = YES;
				SDKROOT = macosx;
				SWIFT_COMPILATION_MODE = wholemodule;
			};
			name = Release;
		};
		4D8B70CE2F95D25F00C09952 /* Debug */ = {
			isa = XCBuildConfiguration;
			buildSettings = {
				ASSETCATALOG_COMPILER_APPICON_NAME = AppIcon;
				ASSETCATALOG_COMPILER_GLOBAL_ACCENT_COLOR_NAME = AccentColor;
				CODE_SIGN_ENTITLEMENTS = Iris/Iris.entitlements;
				CODE_SIGN_STYLE = Automatic;
				COMBINE_HIDPI_IMAGES = YES;
				CURRENT_PROJECT_VERSION = 4;
				DEVELOPMENT_TEAM = 2SX9WGZ5F8;
				ENABLE_APP_SANDBOX = NO;
				ENABLE_HARDENED_RUNTIME = YES;
				ENABLE_PREVIEWS = YES;
				GENERATE_INFOPLIST_FILE = YES;
				INFOPLIST_KEY_LSUIElement = YES;
				INFOPLIST_KEY_NSCalendarsFullAccessUsageDescription = "Iris reads your upcoming calendar events to surface the next meeting in the overlay.";
				INFOPLIST_KEY_NSHumanReadableCopyright = "";
				INFOPLIST_KEY_NSLocationUsageDescription = "Iris uses your location solely to read the current Wi-Fi network name for the expanded network tile.";
				LD_RUNPATH_SEARCH_PATHS = (
					"$(inherited)",
					"@executable_path/../Frameworks",
				);
				MARKETING_VERSION = 1.4;
				PRODUCT_BUNDLE_IDENTIFIER = com.larryhsiao.Iris;
				PRODUCT_NAME = "$(TARGET_NAME)";
				REGISTER_APP_GROUPS = YES;
				STRING_CATALOG_GENERATE_SYMBOLS = YES;
				SWIFT_APPROACHABLE_CONCURRENCY = YES;
				SWIFT_DEFAULT_ACTOR_ISOLATION = MainActor;
				SWIFT_EMIT_LOC_STRINGS = YES;
				SWIFT_UPCOMING_FEATURE_MEMBER_IMPORT_VISIBILITY = YES;
				SWIFT_VERSION = 5.0;
			};
			name = Debug;
		};
		4D8B70CF2F95D25F00C09952 /* Release */ = {
			isa = XCBuildConfiguration;
			buildSettings = {
				ASSETCATALOG_COMPILER_APPICON_NAME = AppIcon;
				ASSETCATALOG_COMPILER_GLOBAL_ACCENT_COLOR_NAME = AccentColor;
				CODE_SIGN_ENTITLEMENTS = Iris/Iris.entitlements;
				CODE_SIGN_STYLE = Automatic;
				COMBINE_HIDPI_IMAGES = YES;
				CURRENT_PROJECT_VERSION = 4;
				DEVELOPMENT_TEAM = 2SX9WGZ5F8;
				ENABLE_APP_SANDBOX = NO;
				ENABLE_HARDENED_RUNTIME = YES;
				ENABLE_PREVIEWS = YES;
				GENERATE_INFOPLIST_FILE = YES;
				INFOPLIST_KEY_LSUIElement = YES;
				INFOPLIST_KEY_NSCalendarsFullAccessUsageDescription = "Iris reads your upcoming calendar events to surface the next meeting in the overlay.";
				INFOPLIST_KEY_NSHumanReadableCopyright = "";
				INFOPLIST_KEY_NSLocationUsageDescription = "Iris uses your location solely to read the current Wi-Fi network name for the expanded network tile.";
				LD_RUNPATH_SEARCH_PATHS = (
					"$(inherited)",
					"@executable_path/../Frameworks",
				);
				MARKETING_VERSION = 1.4;
				PRODUCT_BUNDLE_IDENTIFIER = com.larryhsiao.Iris;
				PRODUCT_NAME = "$(TARGET_NAME)";
				REGISTER_APP_GROUPS = YES;
				STRING_CATALOG_GENERATE_SYMBOLS = YES;
				SWIFT_APPROACHABLE_CONCURRENCY = YES;
				SWIFT_DEFAULT_ACTOR_ISOLATION = MainActor;
				SWIFT_EMIT_LOC_STRINGS = YES;
				SWIFT_UPCOMING_FEATURE_MEMBER_IMPORT_VISIBILITY = YES;
				SWIFT_VERSION = 5.0;
			};
			name = Release;
		};
		4D8B70D12F95D25F00C09952 /* Debug */ = {
			isa = XCBuildConfiguration;
			buildSettings = {
				BUNDLE_LOADER = "$(TEST_HOST)";
				CODE_SIGN_ENTITLEMENTS = Iris/Iris.entitlements;
				CODE_SIGN_STYLE = Automatic;
				CURRENT_PROJECT_VERSION = 4;
				DEVELOPMENT_TEAM = 2SX9WGZ5F8;
				GENERATE_INFOPLIST_FILE = YES;
				MACOSX_DEPLOYMENT_TARGET = 26.1;
				MARKETING_VERSION = 1.4;
				PRODUCT_BUNDLE_IDENTIFIER = com.larryhsiao.IrisTests;
				PRODUCT_NAME = "$(TARGET_NAME)";
				STRING_CATALOG_GENERATE_SYMBOLS = NO;
				SWIFT_APPROACHABLE_CONCURRENCY = YES;
				SWIFT_EMIT_LOC_STRINGS = NO;
				SWIFT_UPCOMING_FEATURE_MEMBER_IMPORT_VISIBILITY = YES;
				SWIFT_VERSION = 5.0;
				TEST_HOST = "$(BUILT_PRODUCTS_DIR)/Iris.app/$(BUNDLE_EXECUTABLE_FOLDER_PATH)/Iris";
			};
			name = Debug;
		};
		4D8B70D22F95D25F00C09952 /* Release */ = {
			isa = XCBuildConfiguration;
			buildSettings = {
				BUNDLE_LOADER = "$(TEST_HOST)";
				CODE_SIGN_ENTITLEMENTS = Iris/Iris.entitlements;
				CODE_SIGN_STYLE = Automatic;
				CURRENT_PROJECT_VERSION = 4;
				DEVELOPMENT_TEAM = 2SX9WGZ5F8;
				GENERATE_INFOPLIST_FILE = YES;
				MACOSX_DEPLOYMENT_TARGET = 26.1;
				MARKETING_VERSION = 1.4;
				PRODUCT_BUNDLE_IDENTIFIER = com.larryhsiao.IrisTests;
				PRODUCT_NAME = "$(TARGET_NAME)";
				STRING_CATALOG_GENERATE_SYMBOLS = NO;
				SWIFT_APPROACHABLE_CONCURRENCY = YES;
				SWIFT_EMIT_LOC_STRINGS = NO;
				SWIFT_UPCOMING_FEATURE_MEMBER_IMPORT_VISIBILITY = YES;
				SWIFT_VERSION = 5.0;
				TEST_HOST = "$(BUILT_PRODUCTS_DIR)/Iris.app/$(BUNDLE_EXECUTABLE_FOLDER_PATH)/Iris";
			};
			name = Release;
		};
		4D8B70D42F95D25F00C09952 /* Debug */ = {
			isa = XCBuildConfiguration;
			buildSettings = {
				CODE_SIGN_ENTITLEMENTS = Iris/Iris.entitlements;
				CODE_SIGN_STYLE = Automatic;
				CURRENT_PROJECT_VERSION = 4;
				DEVELOPMENT_TEAM = 2SX9WGZ5F8;
				GENERATE_INFOPLIST_FILE = YES;
				MARKETING_VERSION = 1.4;
				PRODUCT_BUNDLE_IDENTIFIER = com.larryhsiao.IrisUITests;
				PRODUCT_NAME = "$(TARGET_NAME)";
				STRING_CATALOG_GENERATE_SYMBOLS = NO;
				SWIFT_APPROACHABLE_CONCURRENCY = YES;
				SWIFT_EMIT_LOC_STRINGS = NO;
				SWIFT_UPCOMING_FEATURE_MEMBER_IMPORT_VISIBILITY = YES;
				SWIFT_VERSION = 5.0;
				TEST_TARGET_NAME = Iris;
			};
			name = Debug;
		};
		4D8B70D52F95D25F00C09952 /* Release */ = {
			isa = XCBuildConfiguration;
			buildSettings = {
				CODE_SIGN_ENTITLEMENTS = Iris/Iris.entitlements;
				CODE_SIGN_STYLE = Automatic;
				CURRENT_PROJECT_VERSION = 4;
				DEVELOPMENT_TEAM = 2SX9WGZ5F8;
				GENERATE_INFOPLIST_FILE = YES;
				MARKETING_VERSION = 1.4;
				PRODUCT_BUNDLE_IDENTIFIER = com.larryhsiao.IrisUITests;
				PRODUCT_NAME = "$(TARGET_NAME)";
				STRING_CATALOG_GENERATE_SYMBOLS = NO;
				SWIFT_APPROACHABLE_CONCURRENCY = YES;
				SWIFT_EMIT_LOC_STRINGS = NO;
				SWIFT_UPCOMING_FEATURE_MEMBER_IMPORT_VISIBILITY = YES;
				SWIFT_VERSION = 5.0;
				TEST_TARGET_NAME = Iris;
			};
			name = Release;
		};
/* End XCBuildConfiguration section */

/* Begin XCConfigurationList section */
		4D8B70A72F95D25D00C09952 /* Build configuration list for PBXProject "Iris" */ = {
			isa = XCConfigurationList;
			buildConfigurations = (
				4D8B70CB2F95D25F00C09952 /* Debug */,
				4D8B70CC2F95D25F00C09952 /* Release */,
			);
			defaultConfigurationIsVisible = 0;
			defaultConfigurationName = Release;
		};
		4D8B70CD2F95D25F00C09952 /* Build configuration list for PBXNativeTarget "Iris" */ = {
			isa = XCConfigurationList;
			buildConfigurations = (
				4D8B70CE2F95D25F00C09952 /* Debug */,
				4D8B70CF2F95D25F00C09952 /* Release */,
			);
			defaultConfigurationIsVisible = 0;
			defaultConfigurationName = Release;
		};
		4D8B70D02F95D25F00C09952 /* Build configuration list for PBXNativeTarget "IrisTests" */ = {
			isa = XCConfigurationList;
			buildConfigurations = (
				4D8B70D12F95D25F00C09952 /* Debug */,
				4D8B70D22F95D25F00C09952 /* Release */,
			);
			defaultConfigurationIsVisible = 0;
			defaultConfigurationName = Release;
		};
		4D8B70D32F95D25F00C09952 /* Build configuration list for PBXNativeTarget "IrisUITests" */ = {
			isa = XCConfigurationList;
			buildConfigurations = (
				4D8B70D42F95D25F00C09952 /* Debug */,
				4D8B70D52F95D25F00C09952 /* Release */,
			);
			defaultConfigurationIsVisible = 0;
			defaultConfigurationName = Release;
		};
/* End XCConfigurationList section */
	};
	rootObject = 4D8B70A42F95D25D00C09952 /* Project object */;
}
